// !$*UTF8*$!
{
	archiveVersion = 1;
	classes = {
	};
	objectVersion = 51;
	objects = {

/* Begin PBXBuildFile section */
		33EEF87494F4216738EDBE34 /* Pods_ARCL3_ARCL3UITests.framework in Frameworks */ = {isa = PBXBuildFile; fileRef = F1E7775C413A654FBD8DB87B /* Pods_ARCL3_ARCL3UITests.framework */; };
		72C74D102373B9B700C36998 /* AppDelegate.swift in Sources */ = {isa = PBXBuildFile; fileRef = 72C74D0F2373B9B700C36998 /* AppDelegate.swift */; };
		72C74D122373B9B700C36998 /* SceneDelegate.swift in Sources */ = {isa = PBXBuildFile; fileRef = 72C74D112373B9B700C36998 /* SceneDelegate.swift */; };
		72C74D142373B9B700C36998 /* ViewController.swift in Sources */ = {isa = PBXBuildFile; fileRef = 72C74D132373B9B700C36998 /* ViewController.swift */; };
		72C74D172373B9B700C36998 /* Main.storyboard in Resources */ = {isa = PBXBuildFile; fileRef = 72C74D152373B9B700C36998 /* Main.storyboard */; };
		72C74D192373B9BA00C36998 /* Assets.xcassets in Resources */ = {isa = PBXBuildFile; fileRef = 72C74D182373B9BA00C36998 /* Assets.xcassets */; };
		72C74D1C2373B9BA00C36998 /* LaunchScreen.storyboard in Resources */ = {isa = PBXBuildFile; fileRef = 72C74D1A2373B9BA00C36998 /* LaunchScreen.storyboard */; };
		72C74D272373B9BB00C36998 /* ARCL3Tests.swift in Sources */ = {isa = PBXBuildFile; fileRef = 72C74D262373B9BB00C36998 /* ARCL3Tests.swift */; };
		72C74D322373B9BB00C36998 /* ARCL3UITests.swift in Sources */ = {isa = PBXBuildFile; fileRef = 72C74D312373B9BB00C36998 /* ARCL3UITests.swift */; };
		942A093B4F6CFD7D39DBD6AF /* Pods_ARCL3Tests.framework in Frameworks */ = {isa = PBXBuildFile; fileRef = E090C5C7C03B89652FCBA714 /* Pods_ARCL3Tests.framework */; };
		9CC134D13D8EAE1011C1C471 /* Pods_ARCL3.framework in Frameworks */ = {isa = PBXBuildFile; fileRef = 4D5F4AA7A3C0518385B426DB /* Pods_ARCL3.framework */; };
/* End PBXBuildFile section */

/* Begin PBXContainerItemProxy section */
		72C74D232373B9BA00C36998 /* PBXContainerItemProxy */ = {
			isa = PBXContainerItemProxy;
			containerPortal = 72C74D042373B9B700C36998 /* Project object */;
			proxyType = 1;
			remoteGlobalIDString = 72C74D0B2373B9B700C36998;
			remoteInfo = ARCL3;
		};
		72C74D2E2373B9BB00C36998 /* PBXContainerItemProxy */ = {
			isa = PBXContainerItemProxy;
			containerPortal = 72C74D042373B9B700C36998 /* Project object */;
			proxyType = 1;
			remoteGlobalIDString = 72C74D0B2373B9B700C36998;
			remoteInfo = ARCL3;
		};
/* End PBXContainerItemProxy section */

/* Begin PBXFileReference section */
		0A7E14E3C746D86F6DF61F8B /* Pods-ARCL3-ARCL3UITests.release.xcconfig */ = {isa = PBXFileReference; includeInIndex = 1; lastKnownFileType = text.xcconfig; name = "Pods-ARCL3-ARCL3UITests.release.xcconfig"; path = "Target Support Files/Pods-ARCL3-ARCL3UITests/Pods-ARCL3-ARCL3UITests.release.xcconfig"; sourceTree = "<group>"; };
		20889B6D65FABB855EC2628F /* Pods-ARCL3.debug.xcconfig */ = {isa = PBXFileReference; includeInIndex = 1; lastKnownFileType = text.xcconfig; name = "Pods-ARCL3.debug.xcconfig"; path = "Target Support Files/Pods-ARCL3/Pods-ARCL3.debug.xcconfig"; sourceTree = "<group>"; };
		27E8B9AB160E966DC2B64BA5 /* Pods-ARCL3Tests.release.xcconfig */ = {isa = PBXFileReference; includeInIndex = 1; lastKnownFileType = text.xcconfig; name = "Pods-ARCL3Tests.release.xcconfig"; path = "Target Support Files/Pods-ARCL3Tests/Pods-ARCL3Tests.release.xcconfig"; sourceTree = "<group>"; };
		4D5F4AA7A3C0518385B426DB /* Pods_ARCL3.framework */ = {isa = PBXFileReference; explicitFileType = wrapper.framework; includeInIndex = 0; path = Pods_ARCL3.framework; sourceTree = BUILT_PRODUCTS_DIR; };
		72C74D0C2373B9B700C36998 /* ARCL3.app */ = {isa = PBXFileReference; explicitFileType = wrapper.application; includeInIndex = 0; path = ARCL3.app; sourceTree = BUILT_PRODUCTS_DIR; };
		72C74D0F2373B9B700C36998 /* AppDelegate.swift */ = {isa = PBXFileReference; lastKnownFileType = sourcecode.swift; path = AppDelegate.swift; sourceTree = "<group>"; };
		72C74D112373B9B700C36998 /* SceneDelegate.swift */ = {isa = PBXFileReference; lastKnownFileType = sourcecode.swift; path = SceneDelegate.swift; sourceTree = "<group>"; };
		72C74D132373B9B700C36998 /* ViewController.swift */ = {isa = PBXFileReference; lastKnownFileType = sourcecode.swift; path = ViewController.swift; sourceTree = "<group>"; };
		72C74D162373B9B700C36998 /* Base */ = {isa = PBXFileReference; lastKnownFileType = file.storyboard; name = Base; path = Base.lproj/Main.storyboard; sourceTree = "<group>"; };
		72C74D182373B9BA00C36998 /* Assets.xcassets */ = {isa = PBXFileReference; lastKnownFileType = folder.assetcatalog; path = Assets.xcassets; sourceTree = "<group>"; };
		72C74D1B2373B9BA00C36998 /* Base */ = {isa = PBXFileReference; lastKnownFileType = file.storyboard; name = Base; path = Base.lproj/LaunchScreen.storyboard; sourceTree = "<group>"; };
		72C74D1D2373B9BA00C36998 /* Info.plist */ = {isa = PBXFileReference; lastKnownFileType = text.plist.xml; path = Info.plist; sourceTree = "<group>"; };
		72C74D222373B9BA00C36998 /* ARCL3Tests.xctest */ = {isa = PBXFileReference; explicitFileType = wrapper.cfbundle; includeInIndex = 0; path = ARCL3Tests.xctest; sourceTree = BUILT_PRODUCTS_DIR; };
		72C74D262373B9BB00C36998 /* ARCL3Tests.swift */ = {isa = PBXFileReference; lastKnownFileType = sourcecode.swift; path = ARCL3Tests.swift; sourceTree = "<group>"; };
		72C74D282373B9BB00C36998 /* Info.plist */ = {isa = PBXFileReference; lastKnownFileType = text.plist.xml; path = Info.plist; sourceTree = "<group>"; };
		72C74D2D2373B9BB00C36998 /* ARCL3UITests.xctest */ = {isa = PBXFileReference; explicitFileType = wrapper.cfbundle; includeInIndex = 0; path = ARCL3UITests.xctest; sourceTree = BUILT_PRODUCTS_DIR; };
		72C74D312373B9BB00C36998 /* ARCL3UITests.swift */ = {isa = PBXFileReference; lastKnownFileType = sourcecode.swift; path = ARCL3UITests.swift; sourceTree = "<group>"; };
		72C74D332373B9BB00C36998 /* Info.plist */ = {isa = PBXFileReference; lastKnownFileType = text.plist.xml; path = Info.plist; sourceTree = "<group>"; };
		83061EED079CB610B7CC0CA9 /* Pods-ARCL3-ARCL3UITests.debug.xcconfig */ = {isa = PBXFileReference; includeInIndex = 1; lastKnownFileType = text.xcconfig; name = "Pods-ARCL3-ARCL3UITests.debug.xcconfig"; path = "Target Support Files/Pods-ARCL3-ARCL3UITests/Pods-ARCL3-ARCL3UITests.debug.xcconfig"; sourceTree = "<group>"; };
		A79656841CF1CBBC9447BE83 /* Pods-ARCL3.release.xcconfig */ = {isa = PBXFileReference; includeInIndex = 1; lastKnownFileType = text.xcconfig; name = "Pods-ARCL3.release.xcconfig"; path = "Target Support Files/Pods-ARCL3/Pods-ARCL3.release.xcconfig"; sourceTree = "<group>"; };
		CBDA62B8307A5E4899771F49 /* Pods-ARCL3Tests.debug.xcconfig */ = {isa = PBXFileReference; includeInIndex = 1; lastKnownFileType = text.xcconfig; name = "Pods-ARCL3Tests.debug.xcconfig"; path = "Target Support Files/Pods-ARCL3Tests/Pods-ARCL3Tests.debug.xcconfig"; sourceTree = "<group>"; };
		E090C5C7C03B89652FCBA714 /* Pods_ARCL3Tests.framework */ = {isa = PBXFileReference; explicitFileType = wrapper.framework; includeInIndex = 0; path = Pods_ARCL3Tests.framework; sourceTree = BUILT_PRODUCTS_DIR; };
		F1E7775C413A654FBD8DB87B /* Pods_ARCL3_ARCL3UITests.framework */ = {isa = PBXFileReference; explicitFileType = wrapper.framework; includeInIndex = 0; path = Pods_ARCL3_ARCL3UITests.framework; sourceTree = BUILT_PRODUCTS_DIR; };
/* End PBXFileReference section */

/* Begin PBXFrameworksBuildPhase section */
		72C74D092373B9B700C36998 /* Frameworks */ = {
			isa = PBXFrameworksBuildPhase;
			buildActionMask = 2147483647;
			files = (
				9CC134D13D8EAE1011C1C471 /* Pods_ARCL3.framework in Frameworks */,
			);
			runOnlyForDeploymentPostprocessing = 0;
		};
		72C74D1F2373B9BA00C36998 /* Frameworks */ = {
			isa = PBXFrameworksBuildPhase;
			buildActionMask = 2147483647;
			files = (
				942A093B4F6CFD7D39DBD6AF /* Pods_ARCL3Tests.framework in Frameworks */,
			);
			runOnlyForDeploymentPostprocessing = 0;
		};
		72C74D2A2373B9BB00C36998 /* Frameworks */ = {
			isa = PBXFrameworksBuildPhase;
			buildActionMask = 2147483647;
			files = (
				33EEF87494F4216738EDBE34 /* Pods_ARCL3_ARCL3UITests.framework in Frameworks */,
			);
			runOnlyForDeploymentPostprocessing = 0;
		};
/* End PBXFrameworksBuildPhase section */

/* Begin PBXGroup section */
		03B2AAA17C33733A0FE7CC50 /* Frameworks */ = {
			isa = PBXGroup;
			children = (
				4D5F4AA7A3C0518385B426DB /* Pods_ARCL3.framework */,
				F1E7775C413A654FBD8DB87B /* Pods_ARCL3_ARCL3UITests.framework */,
				E090C5C7C03B89652FCBA714 /* Pods_ARCL3Tests.framework */,
			);
			name = Frameworks;
			sourceTree = "<group>";
		};
		72C74D032373B9B700C36998 = {
			isa = PBXGroup;
			children = (
				72C74D0E2373B9B700C36998 /* ARCL3 */,
				72C74D252373B9BB00C36998 /* ARCL3Tests */,
				72C74D302373B9BB00C36998 /* ARCL3UITests */,
				72C74D0D2373B9B700C36998 /* Products */,
				A8B7266B7A569E84002E6838 /* Pods */,
				03B2AAA17C33733A0FE7CC50 /* Frameworks */,
			);
			sourceTree = "<group>";
		};
		72C74D0D2373B9B700C36998 /* Products */ = {
			isa = PBXGroup;
			children = (
				72C74D0C2373B9B700C36998 /* ARCL3.app */,
				72C74D222373B9BA00C36998 /* ARCL3Tests.xctest */,
				72C74D2D2373B9BB00C36998 /* ARCL3UITests.xctest */,
			);
			name = Products;
			sourceTree = "<group>";
		};
		72C74D0E2373B9B700C36998 /* ARCL3 */ = {
			isa = PBXGroup;
			children = (
				72C74D0F2373B9B700C36998 /* AppDelegate.swift */,
				72C74D112373B9B700C36998 /* SceneDelegate.swift */,
				72C74D132373B9B700C36998 /* ViewController.swift */,
				72C74D152373B9B700C36998 /* Main.storyboard */,
				72C74D182373B9BA00C36998 /* Assets.xcassets */,
				72C74D1A2373B9BA00C36998 /* LaunchScreen.storyboard */,
				72C74D1D2373B9BA00C36998 /* Info.plist */,
			);
			path = ARCL3;
			sourceTree = "<group>";
		};
		72C74D252373B9BB00C36998 /* ARCL3Tests */ = {
			isa = PBXGroup;
			children = (
				72C74D262373B9BB00C36998 /* ARCL3Tests.swift */,
				72C74D282373B9BB00C36998 /* Info.plist */,
			);
			path = ARCL3Tests;
			sourceTree = "<group>";
		};
		72C74D302373B9BB00C36998 /* ARCL3UITests */ = {
			isa = PBXGroup;
			children = (
				72C74D312373B9BB00C36998 /* ARCL3UITests.swift */,
				72C74D332373B9BB00C36998 /* Info.plist */,
			);
			path = ARCL3UITests;
			sourceTree = "<group>";
		};
		A8B7266B7A569E84002E6838 /* Pods */ = {
			isa = PBXGroup;
			children = (
				20889B6D65FABB855EC2628F /* Pods-ARCL3.debug.xcconfig */,
				A79656841CF1CBBC9447BE83 /* Pods-ARCL3.release.xcconfig */,
				83061EED079CB610B7CC0CA9 /* Pods-ARCL3-ARCL3UITests.debug.xcconfig */,
				0A7E14E3C746D86F6DF61F8B /* Pods-ARCL3-ARCL3UITests.release.xcconfig */,
				CBDA62B8307A5E4899771F49 /* Pods-ARCL3Tests.debug.xcconfig */,
				27E8B9AB160E966DC2B64BA5 /* Pods-ARCL3Tests.release.xcconfig */,
			);
			path = Pods;
			sourceTree = "<group>";
		};
/* End PBXGroup section */

/* Begin PBXNativeTarget section */
		72C74D0B2373B9B700C36998 /* ARCL3 */ = {
			isa = PBXNativeTarget;
			buildConfigurationList = 72C74D362373B9BB00C36998 /* Build configuration list for PBXNativeTarget "ARCL3" */;
			buildPhases = (
				84DAE90C04984E6323B0D93E /* [CP] Check Pods Manifest.lock */,
				72C74D082373B9B700C36998 /* Sources */,
				72C74D092373B9B700C36998 /* Frameworks */,
				72C74D0A2373B9B700C36998 /* Resources */,
				E805FED42301A0C0EF4593F0 /* [CP] Embed Pods Frameworks */,
			);
			buildRules = (
			);
			dependencies = (
			);
			name = ARCL3;
			productName = ARCL3;
			productReference = 72C74D0C2373B9B700C36998 /* ARCL3.app */;
			productType = "com.apple.product-type.application";
		};
		72C74D212373B9BA00C36998 /* ARCL3Tests */ = {
			isa = PBXNativeTarget;
			buildConfigurationList = 72C74D392373B9BB00C36998 /* Build configuration list for PBXNativeTarget "ARCL3Tests" */;
			buildPhases = (
				9AEC6C3B09148952B030819F /* [CP] Check Pods Manifest.lock */,
				72C74D1E2373B9BA00C36998 /* Sources */,
				72C74D1F2373B9BA00C36998 /* Frameworks */,
				72C74D202373B9BA00C36998 /* Resources */,
			);
			buildRules = (
			);
			dependencies = (
				72C74D242373B9BA00C36998 /* PBXTargetDependency */,
			);
			name = ARCL3Tests;
			productName = ARCL3Tests;
			productReference = 72C74D222373B9BA00C36998 /* ARCL3Tests.xctest */;
			productType = "com.apple.product-type.bundle.unit-test";
		};
		72C74D2C2373B9BB00C36998 /* ARCL3UITests */ = {
			isa = PBXNativeTarget;
			buildConfigurationList = 72C74D3C2373B9BB00C36998 /* Build configuration list for PBXNativeTarget "ARCL3UITests" */;
			buildPhases = (
				D8088E25E13CC8ED894E5248 /* [CP] Check Pods Manifest.lock */,
				72C74D292373B9BB00C36998 /* Sources */,
				72C74D2A2373B9BB00C36998 /* Frameworks */,
				72C74D2B2373B9BB00C36998 /* Resources */,
				C817954C292A0B4C240A434F /* [CP] Embed Pods Frameworks */,
			);
			buildRules = (
			);
			dependencies = (
				72C74D2F2373B9BB00C36998 /* PBXTargetDependency */,
			);
			name = ARCL3UITests;
			productName = ARCL3UITests;
			productReference = 72C74D2D2373B9BB00C36998 /* ARCL3UITests.xctest */;
			productType = "com.apple.product-type.bundle.ui-testing";
		};
/* End PBXNativeTarget section */

/* Begin PBXProject section */
		72C74D042373B9B700C36998 /* Project object */ = {
			isa = PBXProject;
			attributes = {
				LastSwiftUpdateCheck = 1120;
				LastUpgradeCheck = 1120;
				ORGANIZATIONNAME = "Jenna Sun";
				TargetAttributes = {
					72C74D0B2373B9B700C36998 = {
						CreatedOnToolsVersion = 11.2;
					};
					72C74D212373B9BA00C36998 = {
						CreatedOnToolsVersion = 11.2;
						TestTargetID = 72C74D0B2373B9B700C36998;
					};
					72C74D2C2373B9BB00C36998 = {
						CreatedOnToolsVersion = 11.2;
						TestTargetID = 72C74D0B2373B9B700C36998;
					};
				};
			};
			buildConfigurationList = 72C74D072373B9B700C36998 /* Build configuration list for PBXProject "ARCL3" */;
			compatibilityVersion = "Xcode 9.3";
			developmentRegion = en;
			hasScannedForEncodings = 0;
			knownRegions = (
				en,
				Base,
			);
			mainGroup = 72C74D032373B9B700C36998;
			productRefGroup = 72C74D0D2373B9B700C36998 /* Products */;
			projectDirPath = "";
			projectRoot = "";
			targets = (
				72C74D0B2373B9B700C36998 /* ARCL3 */,
				72C74D212373B9BA00C36998 /* ARCL3Tests */,
				72C74D2C2373B9BB00C36998 /* ARCL3UITests */,
			);
		};
/* End PBXProject section */

/* Begin PBXResourcesBuildPhase section */
		72C74D0A2373B9B700C36998 /* Resources */ = {
			isa = PBXResourcesBuildPhase;
			buildActionMask = 2147483647;
			files = (
				72C74D1C2373B9BA00C36998 /* LaunchScreen.storyboard in Resources */,
				72C74D192373B9BA00C36998 /* Assets.xcassets in Resources */,
				72C74D172373B9B700C36998 /* Main.storyboard in Resources */,
			);
			runOnlyForDeploymentPostprocessing = 0;
		};
		72C74D202373B9BA00C36998 /* Resources */ = {
			isa = PBXResourcesBuildPhase;
			buildActionMask = 2147483647;
			files = (
			);
			runOnlyForDeploymentPostprocessing = 0;
		};
		72C74D2B2373B9BB00C36998 /* Resources */ = {
			isa = PBXResourcesBuildPhase;
			buildActionMask = 2147483647;
			files = (
			);
			runOnlyForDeploymentPostprocessing = 0;
		};
/* End PBXResourcesBuildPhase section */

/* Begin PBXShellScriptBuildPhase section */
		84DAE90C04984E6323B0D93E /* [CP] Check Pods Manifest.lock */ = {
			isa = PBXShellScriptBuildPhase;
			buildActionMask = 2147483647;
			files = (
			);
			inputFileListPaths = (
			);
			inputPaths = (
				"${PODS_PODFILE_DIR_PATH}/Podfile.lock",
				"${PODS_ROOT}/Manifest.lock",
			);
			name = "[CP] Check Pods Manifest.lock";
			outputFileListPaths = (
			);
			outputPaths = (
				"$(DERIVED_FILE_DIR)/Pods-ARCL3-checkManifestLockResult.txt",
			);
			runOnlyForDeploymentPostprocessing = 0;
			shellPath = /bin/sh;
			shellScript = "diff \"${PODS_PODFILE_DIR_PATH}/Podfile.lock\" \"${PODS_ROOT}/Manifest.lock\" > /dev/null\nif [ $? != 0 ] ; then\n    # print error to STDERR\n    echo \"error: The sandbox is not in sync with the Podfile.lock. Run 'pod install' or update your CocoaPods installation.\" >&2\n    exit 1\nfi\n# This output is used by Xcode 'outputs' to avoid re-running this script phase.\necho \"SUCCESS\" > \"${SCRIPT_OUTPUT_FILE_0}\"\n";
			showEnvVarsInLog = 0;
		};
		9AEC6C3B09148952B030819F /* [CP] Check Pods Manifest.lock */ = {
			isa = PBXShellScriptBuildPhase;
			buildActionMask = 2147483647;
			files = (
			);
			inputFileListPaths = (
			);
			inputPaths = (
				"${PODS_PODFILE_DIR_PATH}/Podfile.lock",
				"${PODS_ROOT}/Manifest.lock",
			);
			name = "[CP] Check Pods Manifest.lock";
			outputFileListPaths = (
			);
			outputPaths = (
				"$(DERIVED_FILE_DIR)/Pods-ARCL3Tests-checkManifestLockResult.txt",
			);
			runOnlyForDeploymentPostprocessing = 0;
			shellPath = /bin/sh;
			shellScript = "diff \"${PODS_PODFILE_DIR_PATH}/Podfile.lock\" \"${PODS_ROOT}/Manifest.lock\" > /dev/null\nif [ $? != 0 ] ; then\n    # print error to STDERR\n    echo \"error: The sandbox is not in sync with the Podfile.lock. Run 'pod install' or update your CocoaPods installation.\" >&2\n    exit 1\nfi\n# This output is used by Xcode 'outputs' to avoid re-running this script phase.\necho \"SUCCESS\" > \"${SCRIPT_OUTPUT_FILE_0}\"\n";
			showEnvVarsInLog = 0;
		};
		C817954C292A0B4C240A434F /* [CP] Embed Pods Frameworks */ = {
			isa = PBXShellScriptBuildPhase;
			buildActionMask = 2147483647;
			files = (
			);
			inputFileListPaths = (
				"${PODS_ROOT}/Target Support Files/Pods-ARCL3-ARCL3UITests/Pods-ARCL3-ARCL3UITests-frameworks-${CONFIGURATION}-input-files.xcfilelist",
			);
			name = "[CP] Embed Pods Frameworks";
			outputFileListPaths = (
				"${PODS_ROOT}/Target Support Files/Pods-ARCL3-ARCL3UITests/Pods-ARCL3-ARCL3UITests-frameworks-${CONFIGURATION}-output-files.xcfilelist",
			);
			runOnlyForDeploymentPostprocessing = 0;
			shellPath = /bin/sh;
			shellScript = "\"${PODS_ROOT}/Target Support Files/Pods-ARCL3-ARCL3UITests/Pods-ARCL3-ARCL3UITests-frameworks.sh\"\n";
			showEnvVarsInLog = 0;
		};
		D8088E25E13CC8ED894E5248 /* [CP] Check Pods Manifest.lock */ = {
			isa = PBXShellScriptBuildPhase;
			buildActionMask = 2147483647;
			files = (
			);
			inputFileListPaths = (
			);
			inputPaths = (
				"${PODS_PODFILE_DIR_PATH}/Podfile.lock",
				"${PODS_ROOT}/Manifest.lock",
			);
			name = "[CP] Check Pods Manifest.lock";
			outputFileListPaths = (
			);
			outputPaths = (
				"$(DERIVED_FILE_DIR)/Pods-ARCL3-ARCL3UITests-checkManifestLockResult.txt",
			);
			runOnlyForDeploymentPostprocessing = 0;
			shellPath = /bin/sh;
			shellScript = "diff \"${PODS_PODFILE_DIR_PATH}/Podfile.lock\" \"${PODS_ROOT}/Manifest.lock\" > /dev/null\nif [ $? != 0 ] ; then\n    # print error to STDERR\n    echo \"error: The sandbox is not in sync with the Podfile.lock. Run 'pod install' or update your CocoaPods installation.\" >&2\n    exit 1\nfi\n# This output is used by Xcode 'outputs' to avoid re-running this script phase.\necho \"SUCCESS\" > \"${SCRIPT_OUTPUT_FILE_0}\"\n";
			showEnvVarsInLog = 0;
		};
		E805FED42301A0C0EF4593F0 /* [CP] Embed Pods Frameworks */ = {
			isa = PBXShellScriptBuildPhase;
			buildActionMask = 2147483647;
			files = (
			);
			inputFileListPaths = (
				"${PODS_ROOT}/Target Support Files/Pods-ARCL3/Pods-ARCL3-frameworks-${CONFIGURATION}-input-files.xcfilelist",
			);
			name = "[CP] Embed Pods Frameworks";
			outputFileListPaths = (
				"${PODS_ROOT}/Target Support Files/Pods-ARCL3/Pods-ARCL3-frameworks-${CONFIGURATION}-output-files.xcfilelist",
			);
			runOnlyForDeploymentPostprocessing = 0;
			shellPath = /bin/sh;
			shellScript = "\"${PODS_ROOT}/Target Support Files/Pods-ARCL3/Pods-ARCL3-frameworks.sh\"\n";
			showEnvVarsInLog = 0;
		};
/* End PBXShellScriptBuildPhase section */

/* Begin PBXSourcesBuildPhase section */
		72C74D082373B9B700C36998 /* Sources */ = {
			isa = PBXSourcesBuildPhase;
			buildActionMask = 2147483647;
			files = (
				72C74D142373B9B700C36998 /* ViewController.swift in Sources */,
				72C74D102373B9B700C36998 /* AppDelegate.swift in Sources */,
				72C74D122373B9B700C36998 /* SceneDelegate.swift in Sources */,
			);
			runOnlyForDeploymentPostprocessing = 0;
		};
		72C74D1E2373B9BA00C36998 /* Sources */ = {
			isa = PBXSourcesBuildPhase;
			buildActionMask = 2147483647;
			files = (
				72C74D272373B9BB00C36998 /* ARCL3Tests.swift in Sources */,
			);
			runOnlyForDeploymentPostprocessing = 0;
		};
		72C74D292373B9BB00C36998 /* Sources */ = {
			isa = PBXSourcesBuildPhase;
			buildActionMask = 2147483647;
			files = (
				72C74D322373B9BB00C36998 /* ARCL3UITests.swift in Sources */,
			);
			runOnlyForDeploymentPostprocessing = 0;
		};
/* End PBXSourcesBuildPhase section */

/* Begin PBXTargetDependency section */
		72C74D242373B9BA00C36998 /* PBXTargetDependency */ = {
			isa = PBXTargetDependency;
			target = 72C74D0B2373B9B700C36998 /* ARCL3 */;
			targetProxy = 72C74D232373B9BA00C36998 /* PBXContainerItemProxy */;
		};
		72C74D2F2373B9BB00C36998 /* PBXTargetDependency */ = {
			isa = PBXTargetDependency;
			target = 72C74D0B2373B9B700C36998 /* ARCL3 */;
			targetProxy = 72C74D2E2373B9BB00C36998 /* PBXContainerItemProxy */;
		};
/* End PBXTargetDependency section */

/* Begin PBXVariantGroup section */
		72C74D152373B9B700C36998 /* Main.storyboard */ = {
			isa = PBXVariantGroup;
			children = (
				72C74D162373B9B700C36998 /* Base */,
			);
			name = Main.storyboard;
			sourceTree = "<group>";
		};
		72C74D1A2373B9BA00C36998 /* LaunchScreen.storyboard */ = {
			isa = PBXVariantGroup;
			children = (
				72C74D1B2373B9BA00C36998 /* Base */,
			);
			name = LaunchScreen.storyboard;
			sourceTree = "<group>";
		};
/* End PBXVariantGroup section */

/* Begin XCBuildConfiguration section */
		72C74D342373B9BB00C36998 /* Debug */ = {
			isa = XCBuildConfiguration;
			buildSettings = {
				ALWAYS_SEARCH_USER_PATHS = NO;
				CLANG_ANALYZER_NONNULL = YES;
				CLANG_ANALYZER_NUMBER_OBJECT_CONVERSION = YES_AGGRESSIVE;
				CLANG_CXX_LANGUAGE_STANDARD = "gnu++14";
				CLANG_CXX_LIBRARY = "libc++";
				CLANG_ENABLE_MODULES = YES;
				CLANG_ENABLE_OBJC_ARC = YES;
				CLANG_ENABLE_OBJC_WEAK = YES;
				CLANG_WARN_BLOCK_CAPTURE_AUTORELEASING = YES;
				CLANG_WARN_BOOL_CONVERSION = YES;
				CLANG_WARN_COMMA = YES;
				CLANG_WARN_CONSTANT_CONVERSION = YES;
				CLANG_WARN_DEPRECATED_OBJC_IMPLEMENTATIONS = YES;
				CLANG_WARN_DIRECT_OBJC_ISA_USAGE = YES_ERROR;
				CLANG_WARN_DOCUMENTATION_COMMENTS = YES;
				CLANG_WARN_EMPTY_BODY = YES;
				CLANG_WARN_ENUM_CONVERSION = YES;
				CLANG_WARN_INFINITE_RECURSION = YES;
				CLANG_WARN_INT_CONVERSION = YES;
				CLANG_WARN_NON_LITERAL_NULL_CONVERSION = YES;
				CLANG_WARN_OBJC_IMPLICIT_RETAIN_SELF = YES;
				CLANG_WARN_OBJC_LITERAL_CONVERSION = YES;
				CLANG_WARN_OBJC_ROOT_CLASS = YES_ERROR;
				CLANG_WARN_RANGE_LOOP_ANALYSIS = YES;
				CLANG_WARN_STRICT_PROTOTYPES = YES;
				CLANG_WARN_SUSPICIOUS_MOVE = YES;
				CLANG_WARN_UNGUARDED_AVAILABILITY = YES_AGGRESSIVE;
				CLANG_WARN_UNREACHABLE_CODE = YES;
				CLANG_WARN__DUPLICATE_METHOD_MATCH = YES;
				COPY_PHASE_STRIP = NO;
				DEBUG_INFORMATION_FORMAT = dwarf;
				ENABLE_STRICT_OBJC_MSGSEND = YES;
				ENABLE_TESTABILITY = YES;
				GCC_C_LANGUAGE_STANDARD = gnu11;
				GCC_DYNAMIC_NO_PIC = NO;
				GCC_NO_COMMON_BLOCKS = YES;
				GCC_OPTIMIZATION_LEVEL = 0;
				GCC_PREPROCESSOR_DEFINITIONS = (
					"DEBUG=1",
					"$(inherited)",
				);
				GCC_WARN_64_TO_32_BIT_CONVERSION = YES;
				GCC_WARN_ABOUT_RETURN_TYPE = YES_ERROR;
				GCC_WARN_UNDECLARED_SELECTOR = YES;
				GCC_WARN_UNINITIALIZED_AUTOS = YES_AGGRESSIVE;
				GCC_WARN_UNUSED_FUNCTION = YES;
				GCC_WARN_UNUSED_VARIABLE = YES;
				IPHONEOS_DEPLOYMENT_TARGET = 13.2;
				MTL_ENABLE_DEBUG_INFO = INCLUDE_SOURCE;
				MTL_FAST_MATH = YES;
				ONLY_ACTIVE_ARCH = YES;
				SDKROOT = iphoneos;
				SWIFT_ACTIVE_COMPILATION_CONDITIONS = DEBUG;
				SWIFT_OPTIMIZATION_LEVEL = "-Onone";
			};
			name = Debug;
		};
		72C74D352373B9BB00C36998 /* Release */ = {
			isa = XCBuildConfiguration;
			buildSettings = {
				ALWAYS_SEARCH_USER_PATHS = NO;
				CLANG_ANALYZER_NONNULL = YES;
				CLANG_ANALYZER_NUMBER_OBJECT_CONVERSION = YES_AGGRESSIVE;
				CLANG_CXX_LANGUAGE_STANDARD = "gnu++14";
				CLANG_CXX_LIBRARY = "libc++";
				CLANG_ENABLE_MODULES = YES;
				CLANG_ENABLE_OBJC_ARC = YES;
				CLANG_ENABLE_OBJC_WEAK = YES;
				CLANG_WARN_BLOCK_CAPTURE_AUTORELEASING = YES;
				CLANG_WARN_BOOL_CONVERSION = YES;
				CLANG_WARN_COMMA = YES;
				CLANG_WARN_CONSTANT_CONVERSION = YES;
				CLANG_WARN_DEPRECATED_OBJC_IMPLEMENTATIONS = YES;
				CLANG_WARN_DIRECT_OBJC_ISA_USAGE = YES_ERROR;
				CLANG_WARN_DOCUMENTATION_COMMENTS = YES;
				CLANG_WARN_EMPTY_BODY = YES;
				CLANG_WARN_ENUM_CONVERSION = YES;
				CLANG_WARN_INFINITE_RECURSION = YES;
				CLANG_WARN_INT_CONVERSION = YES;
				CLANG_WARN_NON_LITERAL_NULL_CONVERSION = YES;
				CLANG_WARN_OBJC_IMPLICIT_RETAIN_SELF = YES;
				CLANG_WARN_OBJC_LITERAL_CONVERSION = YES;
				CLANG_WARN_OBJC_ROOT_CLASS = YES_ERROR;
				CLANG_WARN_RANGE_LOOP_ANALYSIS = YES;
				CLANG_WARN_STRICT_PROTOTYPES = YES;
				CLANG_WARN_SUSPICIOUS_MOVE = YES;
				CLANG_WARN_UNGUARDED_AVAILABILITY = YES_AGGRESSIVE;
				CLANG_WARN_UNREACHABLE_CODE = YES;
				CLANG_WARN__DUPLICATE_METHOD_MATCH = YES;
				COPY_PHASE_STRIP = NO;
				DEBUG_INFORMATION_FORMAT = "dwarf-with-dsym";
				ENABLE_NS_ASSERTIONS = NO;
				ENABLE_STRICT_OBJC_MSGSEND = YES;
				GCC_C_LANGUAGE_STANDARD = gnu11;
				GCC_NO_COMMON_BLOCKS = YES;
				GCC_WARN_64_TO_32_BIT_CONVERSION = YES;
				GCC_WARN_ABOUT_RETURN_TYPE = YES_ERROR;
				GCC_WARN_UNDECLARED_SELECTOR = YES;
				GCC_WARN_UNINITIALIZED_AUTOS = YES_AGGRESSIVE;
				GCC_WARN_UNUSED_FUNCTION = YES;
				GCC_WARN_UNUSED_VARIABLE = YES;
				IPHONEOS_DEPLOYMENT_TARGET = 13.2;
				MTL_ENABLE_DEBUG_INFO = NO;
				MTL_FAST_MATH = YES;
				SDKROOT = iphoneos;
				SWIFT_COMPILATION_MODE = wholemodule;
				SWIFT_OPTIMIZATION_LEVEL = "-O";
				VALIDATE_PRODUCT = YES;
			};
			name = Release;
		};
		72C74D372373B9BB00C36998 /* Debug */ = {
			isa = XCBuildConfiguration;
			baseConfigurationReference = 20889B6D65FABB855EC2628F /* Pods-ARCL3.debug.xcconfig */;
			buildSettings = {
				ASSETCATALOG_COMPILER_APPICON_NAME = AppIcon;
				CODE_SIGN_STYLE = Automatic;
				DEVELOPMENT_TEAM = 6C6XS2UW58;
				INFOPLIST_FILE = ARCL3/Info.plist;
				LD_RUNPATH_SEARCH_PATHS = (
					"$(inherited)",
					"@executable_path/Frameworks",
				);
				PRODUCT_BUNDLE_IDENTIFIER = sun.ARCL3;
				PRODUCT_NAME = "$(TARGET_NAME)";
				SWIFT_VERSION = 5.0;
				TARGETED_DEVICE_FAMILY = "1,2";
			};
			name = Debug;
		};
		72C74D382373B9BB00C36998 /* Release */ = {
			isa = XCBuildConfiguration;
			baseConfigurationReference = A79656841CF1CBBC9447BE83 /* Pods-ARCL3.release.xcconfig */;
			buildSettings = {
				ASSETCATALOG_COMPILER_APPICON_NAME = AppIcon;
				CODE_SIGN_STYLE = Automatic;
				DEVELOPMENT_TEAM = 6C6XS2UW58;
				INFOPLIST_FILE = ARCL3/Info.plist;
				LD_RUNPATH_SEARCH_PATHS = (
					"$(inherited)",
					"@executable_path/Frameworks",
				);
				PRODUCT_BUNDLE_IDENTIFIER = sun.ARCL3;
				PRODUCT_NAME = "$(TARGET_NAME)";
				SWIFT_VERSION = 5.0;
				TARGETED_DEVICE_FAMILY = "1,2";
			};
			name = Release;
		};
		72C74D3A2373B9BB00C36998 /* Debug */ = {
			isa = XCBuildConfiguration;
			baseConfigurationReference = CBDA62B8307A5E4899771F49 /* Pods-ARCL3Tests.debug.xcconfig */;
			buildSettings = {
				ALWAYS_EMBED_SWIFT_STANDARD_LIBRARIES = YES;
				BUNDLE_LOADER = "$(TEST_HOST)";
				CODE_SIGN_STYLE = Automatic;
				DEVELOPMENT_TEAM = 6C6XS2UW58;
				INFOPLIST_FILE = ARCL3Tests/Info.plist;
				IPHONEOS_DEPLOYMENT_TARGET = 13.2;
				LD_RUNPATH_SEARCH_PATHS = (
					"$(inherited)",
					"@executable_path/Frameworks",
					"@loader_path/Frameworks",
				);
				PRODUCT_BUNDLE_IDENTIFIER = sun.ARCL3Tests;
				PRODUCT_NAME = "$(TARGET_NAME)";
				SWIFT_VERSION = 5.0;
				TARGETED_DEVICE_FAMILY = "1,2";
				TEST_HOST = "$(BUILT_PRODUCTS_DIR)/ARCL3.app/ARCL3";
			};
			name = Debug;
		};
		72C74D3B2373B9BB00C36998 /* Release */ = {
			isa = XCBuildConfiguration;
			baseConfigurationReference = 27E8B9AB160E966DC2B64BA5 /* Pods-ARCL3Tests.release.xcconfig */;
			buildSettings = {
				ALWAYS_EMBED_SWIFT_STANDARD_LIBRARIES = YES;
				BUNDLE_LOADER = "$(TEST_HOST)";
				CODE_SIGN_STYLE = Automatic;
				DEVELOPMENT_TEAM = 6C6XS2UW58;
				INFOPLIST_FILE = ARCL3Tests/Info.plist;
				IPHONEOS_DEPLOYMENT_TARGET = 13.2;
				LD_RUNPATH_SEARCH_PATHS = (
					"$(inherited)",
					"@executable_path/Frameworks",
					"@loader_path/Frameworks",
				);
				PRODUCT_BUNDLE_IDENTIFIER = sun.ARCL3Tests;
				PRODUCT_NAME = "$(TARGET_NAME)";
				SWIFT_VERSION = 5.0;
				TARGETED_DEVICE_FAMILY = "1,2";
				TEST_HOST = "$(BUILT_PRODUCTS_DIR)/ARCL3.app/ARCL3";
			};
			name = Release;
		};
		72C74D3D2373B9BB00C36998 /* Debug */ = {
			isa = XCBuildConfiguration;
			baseConfigurationReference = 83061EED079CB610B7CC0CA9 /* Pods-ARCL3-ARCL3UITests.debug.xcconfig */;
			buildSettings = {
				ALWAYS_EMBED_SWIFT_STANDARD_LIBRARIES = YES;
				CODE_SIGN_STYLE = Automatic;
				DEVELOPMENT_TEAM = 6C6XS2UW58;
				INFOPLIST_FILE = ARCL3UITests/Info.plist;
				LD_RUNPATH_SEARCH_PATHS = (
					"$(inherited)",
					"@executable_path/Frameworks",
					"@loader_path/Frameworks",
				);
				PRODUCT_BUNDLE_IDENTIFIER = sun.ARCL3UITests;
				PRODUCT_NAME = "$(TARGET_NAME)";
				SWIFT_VERSION = 5.0;
				TARGETED_DEVICE_FAMILY = "1,2";
				TEST_TARGET_NAME = ARCL3;
			};
			name = Debug;
		};
		72C74D3E2373B9BB00C36998 /* Release */ = {
			isa = XCBuildConfiguration;
			baseConfigurationReference = 0A7E14E3C746D86F6DF61F8B /* Pods-ARCL3-ARCL3UITests.release.xcconfig */;
			buildSettings = {
				ALWAYS_EMBED_SWIFT_STANDARD_LIBRARIES = YES;
				CODE_SIGN_STYLE = Automatic;
				DEVELOPMENT_TEAM = 6C6XS2UW58;
				INFOPLIST_FILE = ARCL3UITests/Info.plist;
				LD_RUNPATH_SEARCH_PATHS = (
					"$(inherited)",
					"@executable_path/Frameworks",
					"@loader_path/Frameworks",
				);
				PRODUCT_BUNDLE_IDENTIFIER = sun.ARCL3UITests;
				PRODUCT_NAME = "$(TARGET_NAME)";
				SWIFT_VERSION = 5.0;
				TARGETED_DEVICE_FAMILY = "1,2";
				TEST_TARGET_NAME = ARCL3;
			};
			name = Release;
		};
/* End XCBuildConfiguration section */

/* Begin XCConfigurationList section */
		72C74D072373B9B700C36998 /* Build configuration list for PBXProject "ARCL3" */ = {
			isa = XCConfigurationList;
			buildConfigurations = (
				72C74D342373B9BB00C36998 /* Debug */,
				72C74D352373B9BB00C36998 /* Release */,
			);
			defaultConfigurationIsVisible = 0;
			defaultConfigurationName = Release;
		};
		72C74D362373B9BB00C36998 /* Build configuration list for PBXNativeTarget "ARCL3" */ = {
			isa = XCConfigurationList;
			buildConfigurations = (
				72C74D372373B9BB00C36998 /* Debug */,
				72C74D382373B9BB00C36998 /* Release */,
			);
			defaultConfigurationIsVisible = 0;
			defaultConfigurationName = Release;
		};
		72C74D392373B9BB00C36998 /* Build configuration list for PBXNativeTarget "ARCL3Tests" */ = {
			isa = XCConfigurationList;
			buildConfigurations = (
				72C74D3A2373B9BB00C36998 /* Debug */,
				72C74D3B2373B9BB00C36998 /* Release */,
			);
			defaultConfigurationIsVisible = 0;
			defaultConfigurationName = Release;
		};
		72C74D3C2373B9BB00C36998 /* Build configuration list for PBXNativeTarget "ARCL3UITests" */ = {
			isa = XCConfigurationList;
			buildConfigurations = (
				72C74D3D2373B9BB00C36998 /* Debug */,
				72C74D3E2373B9BB00C36998 /* Release */,
			);
			defaultConfigurationIsVisible = 0;
			defaultConfigurationName = Release;
		};
/* End XCConfigurationList section */
	};
	rootObject = 72C74D042373B9B700C36998 /* Project object */;
}
